// !$*UTF8*$!
{
	archiveVersion = 1;
	classes = {
	};
	objectVersion = 46;
	objects = {

/* Begin PBXBuildFile section */
		A6F1980F1AB01C070090FC94 /* main.m in Sources */ = {isa = PBXBuildFile; fileRef = A6F1980E1AB01C070090FC94 /* main.m */; };
		A6F198171AB01CD80090FC94 /* FileEntry.m in Sources */ = {isa = PBXBuildFile; fileRef = A6F198161AB01CD80090FC94 /* FileEntry.m */; };
/* End PBXBuildFile section */

/* Begin PBXCopyFilesBuildPhase section */
		A6F198091AB01C070090FC94 /* CopyFiles */ = {
			isa = PBXCopyFilesBuildPhase;
			buildActionMask = 2147483647;
			dstPath = /usr/share/man/man1/;
			dstSubfolderSpec = 0;
			files = (
			);
			runOnlyForDeploymentPostprocessing = 1;
		};
/* End PBXCopyFilesBuildPhase section */

/* Begin PBXFileReference section */
		A6F1980B1AB01C070090FC94 /* dirhash */ = {isa = PBXFileReference; explicitFileType = "compiled.mach-o.executable"; includeInIndex = 0; path = dirhash; sourceTree = BUILT_PRODUCTS_DIR; };
		A6F1980E1AB01C070090FC94 /* main.m */ = {isa = PBXFileReference; lastKnownFileType = sourcecode.c.objc; path = main.m; sourceTree = "<group>"; };
		A6F198151AB01CD80090FC94 /* FileEntry.h */ = {isa = PBXFileReference; fileEncoding = 4; lastKnownFileType = sourcecode.c.h; path = FileEntry.h; sourceTree = "<group>"; };
		A6F198161AB01CD80090FC94 /* FileEntry.m */ = {isa = PBXFileReference; fileEncoding = 4; lastKnownFileType = sourcecode.c.objc; path = FileEntry.m; sourceTree = "<group>"; };
		A6F198211AB0A1670090FC94 /* VERSION */ = {isa = PBXFileReference; fileEncoding = 4; lastKnownFileType = text; path = VERSION; sourceTree = "<group>"; };
/* End PBXFileReference section */

/* Begin PBXFrameworksBuildPhase section */
		A6F198081AB01C070090FC94 /* Frameworks */ = {
			isa = PBXFrameworksBuildPhase;
			buildActionMask = 2147483647;
			files = (
			);
			runOnlyForDeploymentPostprocessing = 0;
		};
/* End PBXFrameworksBuildPhase section */

/* Begin PBXGroup section */
		A6F198021AB01C070090FC94 = {
			isa = PBXGroup;
			children = (
				A6F198211AB0A1670090FC94 /* VERSION */,
				A6F1980D1AB01C070090FC94 /* dirhash */,
				A6F1980C1AB01C070090FC94 /* Products */,
			);
			sourceTree = "<group>";
		};
		A6F1980C1AB01C070090FC94 /* Products */ = {
			isa = PBXGroup;
			children = (
				A6F1980B1AB01C070090FC94 /* dirhash */,
			);
			name = Products;
			sourceTree = "<group>";
		};
		A6F1980D1AB01C070090FC94 /* dirhash */ = {
			isa = PBXGroup;
			children = (
				A6F1980E1AB01C070090FC94 /* main.m */,
				A6F198151AB01CD80090FC94 /* FileEntry.h */,
				A6F198161AB01CD80090FC94 /* FileEntry.m */,
			);
			path = dirhash;
			sourceTree = "<group>";
		};
/* End PBXGroup section */

/* Begin PBXNativeTarget section */
		A6F1980A1AB01C070090FC94 /* dirhash */ = {
			isa = PBXNativeTarget;
			buildConfigurationList = A6F198121AB01C070090FC94 /* Build configuration list for PBXNativeTarget "dirhash" */;
			buildPhases = (
				A6F198231AB0A1990090FC94 /* ShellScript */,
				A6F198071AB01C070090FC94 /* Sources */,
				A6F198091AB01C070090FC94 /* CopyFiles */,
				A6F198081AB01C070090FC94 /* Frameworks */,
			);
			buildRules = (
			);
			dependencies = (
			);
			name = dirhash;
			productName = dirhash;
			productReference = A6F1980B1AB01C070090FC94 /* dirhash */;
			productType = "com.apple.product-type.tool";
		};
/* End PBXNativeTarget section */

/* Begin PBXProject section */
		A6F198031AB01C070090FC94 /* Project object */ = {
			isa = PBXProject;
			attributes = {
				LastUpgradeCheck = 0610;
				ORGANIZATIONNAME = "SMSRelay AG";
				TargetAttributes = {
					A6F1980A1AB01C070090FC94 = {
						CreatedOnToolsVersion = 6.1.1;
					};
				};
			};
			buildConfigurationList = A6F198061AB01C070090FC94 /* Build configuration list for PBXProject "dirhash" */;
			compatibilityVersion = "Xcode 3.2";
			developmentRegion = English;
			hasScannedForEncodings = 0;
			knownRegions = (
				en,
			);
			mainGroup = A6F198021AB01C070090FC94;
			productRefGroup = A6F1980C1AB01C070090FC94 /* Products */;
			projectDirPath = "";
			projectRoot = "";
			targets = (
				A6F1980A1AB01C070090FC94 /* dirhash */,
			);
		};
/* End PBXProject section */

/* Begin PBXShellScriptBuildPhase section */
		A6F198231AB0A1990090FC94 /* ShellScript */ = {
			isa = PBXShellScriptBuildPhase;
			buildActionMask = 2147483647;
			files = (
			);
			inputPaths = (
				"$(SRCROOT)/VERSION",
			);
			outputPaths = (
				"$(DERIVED_FILE_DIR)/version.h",
			);
			runOnlyForDeploymentPostprocessing = 0;
			shellPath = /bin/bash;
			shellScript = "echo \"#define VERSION \\\"`cat VERSION`\\\"\" > \"dirhash/version.h\"";
		};
/* End PBXShellScriptBuildPhase section */

/* Begin PBXSourcesBuildPhase section */
		A6F198071AB01C070090FC94 /* Sources */ = {
			isa = PBXSourcesBuildPhase;
			buildActionMask = 2147483647;
			files = (
				A6F198171AB01CD80090FC94 /* FileEntry.m in Sources */,
				A6F1980F1AB01C070090FC94 /* main.m in Sources */,
			);
			runOnlyForDeploymentPostprocessing = 0;
		};
/* End PBXSourcesBuildPhase section */

/* Begin XCBuildConfiguration section */
		A6F198101AB01C070090FC94 /* Debug */ = {
			isa = XCBuildConfiguration;
			buildSettings = {
				ALWAYS_SEARCH_USER_PATHS = NO;
				CLANG_CXX_LANGUAGE_STANDARD = "gnu++0x";
				CLANG_CXX_LIBRARY = "libc++";
				CLANG_ENABLE_MODULES = YES;
				CLANG_ENABLE_OBJC_ARC = YES;
				CLANG_WARN_BOOL_CONVERSION = YES;
				CLANG_WARN_CONSTANT_CONVERSION = YES;
				CLANG_WARN_DIRECT_OBJC_ISA_USAGE = YES_ERROR;
				CLANG_WARN_EMPTY_BODY = YES;
				CLANG_WARN_ENUM_CONVERSION = YES;
				CLANG_WARN_INT_CONVERSION = YES;
				CLANG_WARN_OBJC_ROOT_CLASS = YES_ERROR;
				CLANG_WARN_UNREACHABLE_CODE = YES;
				CLANG_WARN__DUPLICATE_METHOD_MATCH = YES;
				COPY_PHASE_STRIP = NO;
				ENABLE_STRICT_OBJC_MSGSEND = YES;
				GCC_C_LANGUAGE_STANDARD = gnu99;
				GCC_DYNAMIC_NO_PIC = NO;
				GCC_OPTIMIZATION_LEVEL = 0;
				GCC_PREPROCESSOR_DEFINITIONS = (
					"DEBUG=1",
					"$(inherited)",
				);
				GCC_SYMBOLS_PRIVATE_EXTERN = NO;
				GCC_WARN_64_TO_32_BIT_CONVERSION = YES;
				GCC_WARN_ABOUT_RETURN_TYPE = YES_ERROR;
				GCC_WARN_UNDECLARED_SELECTOR = YES;
				GCC_WARN_UNINITIALIZED_AUTOS = YES_AGGRESSIVE;
				GCC_WARN_UNUSED_FUNCTION = YES;
				GCC_WARN_UNUSED_VARIABLE = YES;
				MACOSX_DEPLOYMENT_TARGET = 10.10;
				MTL_ENABLE_DEBUG_INFO = YES;
				ONLY_ACTIVE_ARCH = YES;
				SDKROOT = macosx;
			};
			name = Debug;
		};
		A6F198111AB01C070090FC94 /* Release */ = {
			isa = XCBuildConfiguration;
			buildSettings = {
				ALWAYS_SEARCH_USER_PATHS = NO;
				CLANG_CXX_LANGUAGE_STANDARD = "gnu++0x";
				CLANG_CXX_LIBRARY = "libc++";
				CLANG_ENABLE_MODULES = YES;
				CLANG_ENABLE_OBJC_ARC = YES;
				CLANG_WARN_BOOL_CONVERSION = YES;
				CLANG_WARN_CONSTANT_CONVERSION = YES;
				CLANG_WARN_DIRECT_OBJC_ISA_USAGE = YES_ERROR;
				CLANG_WARN_EMPTY_BODY = YES;
				CLANG_WARN_ENUM_CONVERSION = YES;
				CLANG_WARN_INT_CONVERSION = YES;
				CLANG_WARN_OBJC_ROOT_CLASS = YES_ERROR;
				CLANG_WARN_UNREACHABLE_CODE = YES;
				CLANG_WARN__DUPLICATE_METHOD_MATCH = YES;
				COPY_PHASE_STRIP = YES;
				DEBUG_INFORMATION_FORMAT = "dwarf-with-dsym";
				ENABLE_NS_ASSERTIONS = NO;
				ENABLE_STRICT_OBJC_MSGSEND = YES;
				GCC_C_LANGUAGE_STANDARD = gnu99;
				GCC_WARN_64_TO_32_BIT_CONVERSION = YES;
				GCC_WARN_ABOUT_RETURN_TYPE = YES_ERROR;
				GCC_WARN_UNDECLARED_SELECTOR = YES;
				GCC_WARN_UNINITIALIZED_AUTOS = YES_AGGRESSIVE;
				GCC_WARN_UNUSED_FUNCTION = YES;
				GCC_WARN_UNUSED_VARIABLE = YES;
				MACOSX_DEPLOYMENT_TARGET = 10.10;
				MTL_ENABLE_DEBUG_INFO = NO;
				SDKROOT = macosx;
			};
			name = Release;
		};
		A6F198131AB01C070090FC94 /* Debug */ = {
			isa = XCBuildConfiguration;
			buildSettings = {
				PRODUCT_NAME = "$(TARGET_NAME)";
			};
			name = Debug;
		};
		A6F198141AB01C070090FC94 /* Release */ = {
			isa = XCBuildConfiguration;
			buildSettings = {
				PRODUCT_NAME = "$(TARGET_NAME)";
			};
			name = Release;
		};
/* End XCBuildConfiguration section */

/* Begin XCConfigurationList section */
		A6F198061AB01C070090FC94 /* Build configuration list for PBXProject "dirhash" */ = {
			isa = XCConfigurationList;
			buildConfigurations = (
				A6F198101AB01C070090FC94 /* Debug */,
				A6F198111AB01C070090FC94 /* Release */,
			);
			defaultConfigurationIsVisible = 0;
			defaultConfigurationName = Release;
		};
		A6F198121AB01C070090FC94 /* Build configuration list for PBXNativeTarget "dirhash" */ = {
			isa = XCConfigurationList;
			buildConfigurations = (
				A6F198131AB01C070090FC94 /* Debug */,
				A6F198141AB01C070090FC94 /* Release */,
			);
			defaultConfigurationIsVisible = 0;
			defaultConfigurationName = Release;
		};
/* End XCConfigurationList section */
	};
	rootObject = A6F198031AB01C070090FC94 /* Project object */;
}
